{
  "name": "foundry-ontology-sync",
  "version": "0.0.1",
  "lockfileVersion": 3,
  "requires": true,
  "packages": {
    "": {
      "name": "foundry-ontology-sync",
      "version": "0.0.1",
      "license": "MIT",
      "dependencies": {
        "@osdk/client": "^2.0.9",
        "@osdk/oauth": "^1.0.0",
        "@synologyontologyfilesync/sdk": "^0.2.0"
      },
      "devDependencies": {
        "@types/node": "^22.9.0"
      }
    },
    "node_modules/@osdk/api": {
      "version": "2.0.9",
      "resolved": "https://artifactory.palantir.build/artifactory/api/npm/all-npm/@osdk/api/-/api-2.0.9.tgz",
      "integrity": "sha512-H5xnuONybaHTq8AZOXi5NV96yEbfy7bGXoa9sgDOvOJoaK8VgZimf1WDTEmL4Na5vzTZorqjZ37PpGd0cqs87w==",
      "dependencies": {
        "@types/geojson": "^7946.0.13",
        "fetch-retry": "^6.0.0",
        "tiny-invariant": "^1.3.1",
        "type-fest": "^4.18.2"
      }
    },
    "node_modules/@osdk/client": {
      "version": "2.0.9",
      "resolved": "https://artifactory.palantir.build/artifactory/api/npm/all-npm/@osdk/client/-/client-2.0.9.tgz",
      "integrity": "sha512-6O30f1PDoPNE//VGQP9wsq1mAxlSuEi1M9bJVji49KxhkpUHZsr7pn4mZnunfP8PdYmVr9tnE5FMaCWFcc2Iqg==",
      "dependencies": {
        "@osdk/api": "~2.0.9",
        "@osdk/client.unstable": "2.0.9",
        "@osdk/client.unstable.osw": "0.2.0",
        "@osdk/generator-converters": "2.0.9",
        "@osdk/internal.foundry.core": "2.2.0",
        "@osdk/internal.foundry.ontologiesv2": "2.2.0",
        "@osdk/shared.client": "^1.0.1",
        "@osdk/shared.client.impl": "~1.0.3",
        "@osdk/shared.client2": "^1.0.0",
        "@osdk/shared.net.errors": "~2.0.0",
        "@osdk/shared.net.fetch": "~1.0.0",
        "@types/geojson": "^7946.0.14",
        "conjure-lite": "^0.4.4",
        "fast-deep-equal": "^3.1.3",
        "fetch-retry": "^6.0.0",
        "find-up": "7.0.0",
        "isomorphic-ws": "^5.0.0",
        "tiny-invariant": "^1.3.1",
        "type-fest": "^4.18.2",
        "ws": "^8.18.0"
      }
    },
    "node_modules/@osdk/client.unstable": {
      "version": "2.0.9",
      "resolved": "https://artifactory.palantir.build/artifactory/api/npm/all-npm/@osdk/client.unstable/-/client.unstable-2.0.9.tgz",
      "integrity": "sha512-cXDOLhlkyKEhKGeQxgHddVmTJ2rDexfURBfp06Wz9+nPli0sHU3T48EbhYrGPKI+tj4tM6qpKFKPTktEQBn1PQ==",
      "dependencies": {
        "conjure-lite": "^0.4.4"
      }
    },
    "node_modules/@osdk/client.unstable.osw": {
      "version": "0.2.0",
      "resolved": "https://artifactory.palantir.build/artifactory/api/npm/all-npm/@osdk/client.unstable.osw/-/client.unstable.osw-0.2.0.tgz",
      "integrity": "sha512-BPE+adWcHw/3V9SjMLbHlHVdMRhC+ZxPMqjj1FY/i1BhS+oCj3n1IsEp+AzFAj2yTaYUswuybKjW9iIPnKcEMA==",
      "dependencies": {
        "conjure-lite": "^0.4.4"
      }
    },
    "node_modules/@osdk/generator-converters": {
      "version": "2.0.9",
      "resolved": "https://artifactory.palantir.build/artifactory/api/npm/all-npm/@osdk/generator-converters/-/generator-converters-2.0.9.tgz",
      "integrity": "sha512-W0hoQ9pqCLKBne8HKd0dD3d4W5YXecNT3lc7Tw96lvpLzLc1dFEm4dPIW6SeGpVWjndBfyM4gsN3qyHqG+edDA==",
      "dependencies": {
        "@osdk/api": "~2.0.9",
        "@osdk/internal.foundry.core": "2.2.0"
      }
    },
    "node_modules/@osdk/internal.foundry.core": {
      "version": "2.2.0",
      "resolved": "https://artifactory.palantir.build/artifactory/api/npm/all-npm/@osdk/internal.foundry.core/-/internal.foundry.core-2.2.0.tgz",
      "integrity": "sha512-lGwuNYUnI8qTvv6vqLyDn6/nR+C+7xHpUpLwi71uEf0t0nzlfM/03qGCDFR5UrqpyQIsQnV2H7m9gr7W3Q7SCw==",
      "dependencies": {
        "@osdk/internal.foundry.geo": "2.2.0",
        "@osdk/shared.client": "^1.0.1",
        "@osdk/shared.client2": "^1.0.0",
        "@osdk/shared.net.platformapi": "~0.3.2"
      }
    },
    "node_modules/@osdk/internal.foundry.geo": {
      "version": "2.2.0",
      "resolved": "https://artifactory.palantir.build/artifactory/api/npm/all-npm/@osdk/internal.foundry.geo/-/internal.foundry.geo-2.2.0.tgz",
      "integrity": "sha512-LBWgHq+7i1wACwrSfgalioe7g2hgyCPwtwYsLDVC3C/WhUIHDDte/LFwaC4theKCeej5NJCzJsSD4XgT08NFOg==",
      "dependencies": {
        "@osdk/shared.client": "^1.0.1",
        "@osdk/shared.client2": "^1.0.0",
        "@osdk/shared.net.platformapi": "~0.3.2"
      }
    },
    "node_modules/@osdk/internal.foundry.ontologiesv2": {
      "version": "2.2.0",
      "resolved": "https://artifactory.palantir.build/artifactory/api/npm/all-npm/@osdk/internal.foundry.ontologiesv2/-/internal.foundry.ontologiesv2-2.2.0.tgz",
      "integrity": "sha512-C2rO+L1OjjOXf/nuMr0cuTQ7nl88HhShM/MR5EAuNlTk9IA7QiSrZHCyUVl7gFS02f16uV93WVaBYgU+fAm4qg==",
      "dependencies": {
        "@osdk/internal.foundry.core": "2.2.0",
        "@osdk/shared.client": "^1.0.1",
        "@osdk/shared.client2": "^1.0.0",
        "@osdk/shared.net.platformapi": "~0.3.2"
      }
    },
    "node_modules/@osdk/oauth": {
      "version": "1.0.1",
      "resolved": "https://artifactory.palantir.build/artifactory/api/npm/all-npm/@osdk/oauth/-/oauth-1.0.1.tgz",
      "integrity": "sha512-h1EhiNHw4hj4qHNeEM+Sn5wN4w37h8lqBSL9YtRwVkdNqpDEfNfijZdCbIlQ3U35WJUHJb4M/BXq1nS7g1rceA==",
      "dependencies": {
        "delay": "^6.0.0",
        "oauth4webapi": "^2.10.3",
        "tiny-invariant": "^1.3.1",
        "typescript-event-target": "^1.1.1"
      }
    },
    "node_modules/@osdk/shared.client": {
      "version": "1.0.1",
      "resolved": "https://artifactory.palantir.build/artifactory/api/npm/all-npm/@osdk/shared.client/-/shared.client-1.0.1.tgz",
      "integrity": "sha512-yTH9nOn46SV2Vh8gtHI1DkNa7VatIaQdb3lp7LLREqviY7bjAQI9+IYK/oMSUYkHgB8uU1JIP1qgVETamhS7VA=="
    },
    "node_modules/@osdk/shared.client.impl": {
      "version": "1.0.3",
      "resolved": "https://artifactory.palantir.build/artifactory/api/npm/all-npm/@osdk/shared.client.impl/-/shared.client.impl-1.0.3.tgz",
      "integrity": "sha512-3C0hwIN7ZIfKWLLmdJOfnj1j5EsRMUS85ZzrPQRXpvCZob6y4cgFIDYmODT7b1klZmyhANGuZSWmFNdU22FSUA==",
      "dependencies": {
        "@osdk/shared.client": "^1.0.1",
        "@osdk/shared.client2": "^1.0.0",
        "@osdk/shared.net.errors": "~2.0.0",
        "@osdk/shared.net.fetch": "~1.0.0"
      }
    },
    "node_modules/@osdk/shared.client2": {
      "version": "1.0.0",
      "resolved": "https://artifactory.palantir.build/artifactory/api/npm/all-npm/@osdk/shared.client2/-/shared.client2-1.0.0.tgz",
      "integrity": "sha512-AZiDypfNrsH/men2mB12KDQM8t5iGyUI7QO2BTpgQ1pNKgwdILUY/xBsNEAUCnp0eYqSuPI1puJuJB2xogMDHA=="
    },
    "node_modules/@osdk/shared.net.errors": {
      "version": "2.0.0",
      "resolved": "https://artifactory.palantir.build/artifactory/api/npm/all-npm/@osdk/shared.net.errors/-/shared.net.errors-2.0.0.tgz",
      "integrity": "sha512-1XIz+8axQRKGzRretUC9wBnNnCaXEQXxjbFh7Tde+95lv6FASbkpZbslrANy4iIFMl4BhStq0jZmK8KAtvFnxg=="
    },
    "node_modules/@osdk/shared.net.fetch": {
      "version": "1.0.0",
      "resolved": "https://artifactory.palantir.build/artifactory/api/npm/all-npm/@osdk/shared.net.fetch/-/shared.net.fetch-1.0.0.tgz",
      "integrity": "sha512-3xd3VJpFZ5tnqFS6cNpq0BhWRt8KCydhx7dngOztef0ndXe7WXjbVb5TXK640M4kVZEf6iCxWCvscQrqiTTMkQ==",
      "dependencies": {
        "@osdk/shared.net.errors": "~2.0.0",
        "fetch-retry": "^6.0.0"
      }
    },
    "node_modules/@osdk/shared.net.platformapi": {
      "version": "0.3.2",
      "resolved": "https://artifactory.palantir.build/artifactory/api/npm/all-npm/@osdk/shared.net.platformapi/-/shared.net.platformapi-0.3.2.tgz",
      "integrity": "sha512-tei6AiSXI7We6dhm7CbyCAAu9ruhAahFmCsLOG4Wwsropyx8uWpH3+f8InB1fxOTSGcaX2Vt2nr7IzEdTuEEgQ==",
      "dependencies": {
        "@osdk/shared.client": "^1.0.1",
        "@osdk/shared.client2": "^1.0.0",
        "@osdk/shared.net.errors": "~2.0.0"
      }
    },
    "node_modules/@synologyontologyfilesync/sdk": {
      "version": "0.2.0",
      "resolved": "https://andrius.euw-3.palantirfoundry.co.uk/artifacts/api/repositories/ri.artifacts.main.repository.4e594efa-85ed-4749-8fc1-48c0e6130f7d/contents/release/npm/%40synologyontologyfilesync%2Fsdk/-/%40synologyontologyfilesync%2Fsdk-0.2.0.tgz",
      "integrity": "sha512-vae8qnlAO+gELFg7LqR3ptUmyL3Oma7+Jjp+9cTsVWUDItQ8isy2XkkD3NGHJqM1c/Vo0D2ph8BWMCyOudMPcQ==",
      "dependencies": {
        "@osdk/api": "^2.0.9"
      },
      "peerDependencies": {
        "@osdk/client": "^2.0.9"
      }
    },
    "node_modules/@types/geojson": {
      "version": "7946.0.14",
      "resolved": "https://artifactory.palantir.build/artifactory/api/npm/all-npm/@types/geojson/-/geojson-7946.0.14.tgz",
      "integrity": "sha512-WCfD5Ht3ZesJUsONdhvm84dmzWOiOzOAqOncN0++w0lBw1o8OuDNJF2McvvCef/yBqb/HYRahp1BYtODFQ8bRg=="
    },
    "node_modules/@types/node": {
      "version": "22.9.0",
      "resolved": "https://artifactory.palantir.build/artifactory/api/npm/all-npm/@types/node/-/node-22.9.0.tgz",
      "integrity": "sha512-vuyHg81vvWA1Z1ELfvLko2c8f34gyA0zaic0+Rllc5lbCnbSyuvb2Oxpm6TAUAC/2xZN3QGqxBNggD1nNR2AfQ==",
      "dev": true,
      "dependencies": {
        "undici-types": "~6.19.8"
      }
    },
    "node_modules/conjure-lite": {
      "version": "0.4.4",
      "resolved": "https://artifactory.palantir.build/artifactory/api/npm/all-npm/conjure-lite/-/conjure-lite-0.4.4.tgz",
      "integrity": "sha512-WHmOLegM2L7WOxsDaNfobjLdKc0uzYWXvDTRZrnqkK58W/A+m4kkH/QVsyUdHhLA7ayRhAcoovuKJNfS/SKmqQ==",
      "bin": {
        "conjure-lite": "dist/conjure-lite.mjs"
      }
    },
    "node_modules/delay": {
      "version": "6.0.0",
      "resolved": "https://artifactory.palantir.build/artifactory/api/npm/all-npm/delay/-/delay-6.0.0.tgz",
      "integrity": "sha512-2NJozoOHQ4NuZuVIr5CWd0iiLVIRSDepakaovIN+9eIDHEhdCAEvSy2cuf1DCrPPQLvHmbqTHODlhHg8UCy4zw==",
      "engines": {
        "node": ">=16"
      }
    },
    "node_modules/fast-deep-equal": {
      "version": "3.1.3",
      "resolved": "https://artifactory.palantir.build/artifactory/api/npm/all-npm/fast-deep-equal/-/fast-deep-equal-3.1.3.tgz",
      "integrity": "sha512-f3qQ9oQy9j2AhBe/H9VC91wLmKBCCU/gDOnKNAYG5hswO7BLKj09Hc5HYNz9cGI++xlpDCIgDaitVs03ATR84Q=="
    },
    "node_modules/fetch-retry": {
      "version": "6.0.0",
      "resolved": "https://artifactory.palantir.build/artifactory/api/npm/all-npm/fetch-retry/-/fetch-retry-6.0.0.tgz",
      "integrity": "sha512-BUFj1aMubgib37I3v4q78fYo63Po7t4HUPTpQ6/QE6yK6cIQrP+W43FYToeTEyg5m2Y7eFUtijUuAv/PDlWuag=="
    },
    "node_modules/find-up": {
      "version": "7.0.0",
      "resolved": "https://artifactory.palantir.build/artifactory/api/npm/all-npm/find-up/-/find-up-7.0.0.tgz",
      "integrity": "sha512-YyZM99iHrqLKjmt4LJDj58KI+fYyufRLBSYcqycxf//KpBk9FoewoGX0450m9nB44qrZnovzC2oeP5hUibxc/g==",
      "dependencies": {
        "locate-path": "^7.2.0",
        "path-exists": "^5.0.0",
        "unicorn-magic": "^0.1.0"
      },
      "engines": {
        "node": ">=18"
      }
    },
    "node_modules/isomorphic-ws": {
      "version": "5.0.0",
      "resolved": "https://artifactory.palantir.build/artifactory/api/npm/all-npm/isomorphic-ws/-/isomorphic-ws-5.0.0.tgz",
      "integrity": "sha512-muId7Zzn9ywDsyXgTIafTry2sV3nySZeUDe6YedVd1Hvuuep5AsIlqK+XefWpYTyJG5e503F2xIuT2lcU6rCSw==",
      "peerDependencies": {
        "ws": "*"
      }
    },
    "node_modules/locate-path": {
      "version": "7.2.0",
      "resolved": "https://artifactory.palantir.build/artifactory/api/npm/all-npm/locate-path/-/locate-path-7.2.0.tgz",
      "integrity": "sha512-gvVijfZvn7R+2qyPX8mAuKcFGDf6Nc61GdvGafQsHL0sBIxfKzA+usWn4GFC/bk+QdwPUD4kWFJLhElipq+0VA==",
      "dependencies": {
        "p-locate": "^6.0.0"
      },
      "engines": {
        "node": "^12.20.0 || ^14.13.1 || >=16.0.0"
      }
    },
    "node_modules/oauth4webapi": {
      "version": "2.17.0",
      "resolved": "https://artifactory.palantir.build/artifactory/api/npm/all-npm/oauth4webapi/-/oauth4webapi-2.17.0.tgz",
      "integrity": "sha512-lbC0Z7uzAFNFyzEYRIC+pkSVvDHJTbEW+dYlSBAlCYDe6RxUkJ26bClhk8ocBZip1wfI9uKTe0fm4Ib4RHn6uQ=="
    },
    "node_modules/p-limit": {
      "version": "4.0.0",
      "resolved": "https://artifactory.palantir.build/artifactory/api/npm/all-npm/p-limit/-/p-limit-4.0.0.tgz",
      "integrity": "sha512-5b0R4txpzjPWVw/cXXUResoD4hb6U/x9BH08L7nw+GN1sezDzPdxeRvpc9c433fZhBan/wusjbCsqwqm4EIBIQ==",
      "dependencies": {
        "yocto-queue": "^1.0.0"
      },
      "engines": {
        "node": "^12.20.0 || ^14.13.1 || >=16.0.0"
      }
    },
    "node_modules/p-locate": {
      "version": "6.0.0",
      "resolved": "https://artifactory.palantir.build/artifactory/api/npm/all-npm/p-locate/-/p-locate-6.0.0.tgz",
      "integrity": "sha512-wPrq66Llhl7/4AGC6I+cqxT07LhXvWL08LNXz1fENOw0Ap4sRZZ/gZpTTJ5jpurzzzfS2W/Ge9BY3LgLjCShcw==",
      "dependencies": {
        "p-limit": "^4.0.0"
      },
      "engines": {
        "node": "^12.20.0 || ^14.13.1 || >=16.0.0"
      }
    },
    "node_modules/path-exists": {
      "version": "5.0.0",
      "resolved": "https://artifactory.palantir.build/artifactory/api/npm/all-npm/path-exists/-/path-exists-5.0.0.tgz",
      "integrity": "sha512-RjhtfwJOxzcFmNOi6ltcbcu4Iu+FL3zEj83dk4kAS+fVpTxXLO1b38RvJgT/0QwvV/L3aY9TAnyv0EOqW4GoMQ==",
      "engines": {
        "node": "^12.20.0 || ^14.13.1 || >=16.0.0"
      }
    },
    "node_modules/tiny-invariant": {
      "version": "1.3.3",
      "resolved": "https://artifactory.palantir.build/artifactory/api/npm/all-npm/tiny-invariant/-/tiny-invariant-1.3.3.tgz",
      "integrity": "sha512-+FbBPE1o9QAYvviau/qC5SE3caw21q3xkvWKBtja5vgqOWIHHJ3ioaq1VPfn/Szqctz2bU/oYeKd9/z5BL+PVg=="
    },
    "node_modules/type-fest": {
      "version": "4.26.1",
      "resolved": "https://artifactory.palantir.build/artifactory/api/npm/all-npm/type-fest/-/type-fest-4.26.1.tgz",
      "integrity": "sha512-yOGpmOAL7CkKe/91I5O3gPICmJNLJ1G4zFYVAsRHg7M64biSnPtRj0WNQt++bRkjYOqjWXrhnUw1utzmVErAdg==",
      "engines": {
        "node": ">=16"
      }
    },
    "node_modules/typescript-event-target": {
      "version": "1.1.1",
      "resolved": "https://artifactory.palantir.build/artifactory/api/npm/all-npm/typescript-event-target/-/typescript-event-target-1.1.1.tgz",
      "integrity": "sha512-dFSOFBKV6uwaloBCCUhxlD3Pr/P1a/tJdcmPrTXCHlEFD3faj0mztjcGn6VBAhQ0/Bdy8K3VWrrqwbt/ffsYsg=="
    },
    "node_modules/undici-types": {
      "version": "6.19.8",
      "resolved": "https://artifactory.palantir.build/artifactory/api/npm/all-npm/undici-types/-/undici-types-6.19.8.tgz",
      "integrity": "sha512-ve2KP6f/JnbPBFyobGHuerC9g1FYGn/F8n1LWTwNxCEzd6IfqTwUQcNXgEtmmQ6DlRrC1hrSrBnCZPokRrDHjw==",
      "dev": true
    },
    "node_modules/unicorn-magic": {
      "version": "0.1.0",
      "resolved": "https://artifactory.palantir.build/artifactory/api/npm/all-npm/unicorn-magic/-/unicorn-magic-0.1.0.tgz",
      "integrity": "sha512-lRfVq8fE8gz6QMBuDM6a+LO3IAzTi05H6gCVaUpir2E1Rwpo4ZUog45KpNXKC/Mn3Yb9UDuHumeFTo9iV/D9FQ==",
      "engines": {
        "node": ">=18"
      }
    },
    "node_modules/ws": {
      "version": "8.18.0",
      "resolved": "https://artifactory.palantir.build/artifactory/api/npm/all-npm/ws/-/ws-8.18.0.tgz",
      "integrity": "sha512-8VbfWfHLbbwu3+N6OKsOMpBdT4kXPDDB9cJk2bJ6mh9ucxdlnNvH1e+roYkKmN9Nxw2yjz7VzeO9oOz2zJ04Pw==",
      "engines": {
        "node": ">=10.0.0"
      },
      "peerDependencies": {
        "bufferutil": "^4.0.1",
        "utf-8-validate": ">=5.0.2"
      },
      "peerDependenciesMeta": {
        "bufferutil": {
          "optional": true
        },
        "utf-8-validate": {
          "optional": true
        }
      }
    },
    "node_modules/yocto-queue": {
      "version": "1.1.1",
      "resolved": "https://artifactory.palantir.build/artifactory/api/npm/all-npm/yocto-queue/-/yocto-queue-1.1.1.tgz",
      "integrity": "sha512-b4JR1PFR10y1mKjhHY9LaGo6tmrgjit7hxVIeAmyMw3jegXR4dhYqLaQF5zMXZxY7tLpMyJeLjr1C4rLmkVe8g==",
      "engines": {
        "node": ">=12.20"
      }
    }
  }
}
